
Microsoft Visual Studio Solution File, Format Version 12.00
# Visual Studio Version 17
VisualStudioVersion = 17.11.35327.3
MinimumVisualStudioVersion = 10.0.40219.1
Project("{8BC9CEB8-8B4A-11D0-8D11-00A0C91BC942}") = "Valid Parentheses", "Valid Parentheses\Valid Parentheses.vcxproj", "{4D3F62B3-5403-409C-AA48-9080CE7EDF90}"
EndProject
Global
	GlobalSection(SolutionConfigurationPlatforms) = preSolution
		Debug|x64 = Debug|x64
		Debug|x86 = Debug|x86
		Release|x64 = Release|x64
		Release|x86 = Release|x86
	EndGlobalSection
	GlobalSection(ProjectConfigurationPlatforms) = postSolution
		{4D3F62B3-5403-409C-AA48-9080CE7EDF90}.Debug|x64.ActiveCfg = Debug|x64
		{4D3F62B3-5403-409C-AA48-9080CE7EDF90}.Debug|x64.Build.0 = Debug|x64
		{4D3F62B3-5403-409C-AA48-9080CE7EDF90}.Debug|x86.ActiveCfg = Debug|Win32
		{4D3F62B3-5403-409C-AA48-9080CE7EDF90}.Debug|x86.Build.0 = Debug|Win32
		{4D3F62B3-5403-409C-AA48-9080CE7EDF90}.Release|x64.ActiveCfg = Release|x64
		{4D3F62B3-5403-409C-AA48-9080CE7EDF90}.Release|x64.Build.0 = Release|x64
		{4D3F62B3-5403-409C-AA48-9080CE7EDF90}.Release|x86.ActiveCfg = Release|Win32
		{4D3F62B3-5403-409C-AA48-9080CE7EDF90}.Release|x86.Build.0 = Release|Win32
	EndGlobalSection
	GlobalSection(SolutionProperties) = preSolution
		HideSolutionNode = FALSE
	EndGlobalSection
	GlobalSection(ExtensibilityGlobals) = postSolution
		SolutionGuid = {71178DE7-B972-43BE-BD0B-958F9AF2CE66}
	EndGlobalSection
EndGlobal
